// !$*UTF8*$!
{
	archiveVersion = 1;
	classes = {
	};
	objectVersion = 46;
	objects = {

/* Begin PBXBuildFile section */
		B28F509819C7CA3C0067A07F /* Foundation.framework in Frameworks */ = {isa = PBXBuildFile; fileRef = B28F509719C7CA3C0067A07F /* Foundation.framework */; };
		B28F509A19C7CA3C0067A07F /* CoreGraphics.framework in Frameworks */ = {isa = PBXBuildFile; fileRef = B28F509919C7CA3C0067A07F /* CoreGraphics.framework */; };
		B28F509C19C7CA3C0067A07F /* UIKit.framework in Frameworks */ = {isa = PBXBuildFile; fileRef = B28F509B19C7CA3C0067A07F /* UIKit.framework */; };
		B28F50A219C7CA3C0067A07F /* InfoPlist.strings in Resources */ = {isa = PBXBuildFile; fileRef = B28F50A019C7CA3C0067A07F /* InfoPlist.strings */; };
		B28F50A419C7CA3C0067A07F /* main.m in Sources */ = {isa = PBXBuildFile; fileRef = B28F50A319C7CA3C0067A07F /* main.m */; };
		B28F50A819C7CA3C0067A07F /* TRLAppDelegate.m in Sources */ = {isa = PBXBuildFile; fileRef = B28F50A719C7CA3C0067A07F /* TRLAppDelegate.m */; };
		B28F50AB19C7CA3C0067A07F /* Main.storyboard in Resources */ = {isa = PBXBuildFile; fileRef = B28F50A919C7CA3C0067A07F /* Main.storyboard */; };
		B28F50AE19C7CA3C0067A07F /* TRLViewController.m in Sources */ = {isa = PBXBuildFile; fileRef = B28F50AD19C7CA3C0067A07F /* TRLViewController.m */; };
		B28F50B019C7CA3C0067A07F /* Images.xcassets in Resources */ = {isa = PBXBuildFile; fileRef = B28F50AF19C7CA3C0067A07F /* Images.xcassets */; };
		B28F50B719C7CA3C0067A07F /* XCTest.framework in Frameworks */ = {isa = PBXBuildFile; fileRef = B28F50B619C7CA3C0067A07F /* XCTest.framework */; };
		B28F50B819C7CA3C0067A07F /* Foundation.framework in Frameworks */ = {isa = PBXBuildFile; fileRef = B28F509719C7CA3C0067A07F /* Foundation.framework */; };
		B28F50B919C7CA3C0067A07F /* UIKit.framework in Frameworks */ = {isa = PBXBuildFile; fileRef = B28F509B19C7CA3C0067A07F /* UIKit.framework */; };
		B28F50C119C7CA3C0067A07F /* InfoPlist.strings in Resources */ = {isa = PBXBuildFile; fileRef = B28F50BF19C7CA3C0067A07F /* InfoPlist.strings */; };
		B28F50C319C7CA3C0067A07F /* test_reallifeTests.m in Sources */ = {isa = PBXBuildFile; fileRef = B28F50C219C7CA3C0067A07F /* test_reallifeTests.m */; };
/* End PBXBuildFile section */

/* Begin PBXContainerItemProxy section */
		B28F50BA19C7CA3C0067A07F /* PBXContainerItemProxy */ = {
			isa = PBXContainerItemProxy;
			containerPortal = B28F508C19C7CA3C0067A07F /* Project object */;
			proxyType = 1;
			remoteGlobalIDString = B28F509319C7CA3C0067A07F;
			remoteInfo = test.reallife;
		};
/* End PBXContainerItemProxy section */

/* Begin PBXFileReference section */
		B28F509419C7CA3C0067A07F /* test.reallife.app */ = {isa = PBXFileReference; explicitFileType = wrapper.application; includeInIndex = 0; path = test.reallife.app; sourceTree = BUILT_PRODUCTS_DIR; };
		B28F509719C7CA3C0067A07F /* Foundation.framework */ = {isa = PBXFileReference; lastKnownFileType = wrapper.framework; name = Foundation.framework; path = System/Library/Frameworks/Foundation.framework; sourceTree = SDKROOT; };
		B28F509919C7CA3C0067A07F /* CoreGraphics.framework */ = {isa = PBXFileReference; lastKnownFileType = wrapper.framework; name = CoreGraphics.framework; path = System/Library/Frameworks/CoreGraphics.framework; sourceTree = SDKROOT; };
		B28F509B19C7CA3C0067A07F /* UIKit.framework */ = {isa = PBXFileReference; lastKnownFileType = wrapper.framework; name = UIKit.framework; path = System/Library/Frameworks/UIKit.framework; sourceTree = SDKROOT; };
		B28F509F19C7CA3C0067A07F /* test.reallife-Info.plist */ = {isa = PBXFileReference; lastKnownFileType = text.plist.xml; path = "test.reallife-Info.plist"; sourceTree = "<group>"; };
		B28F50A119C7CA3C0067A07F /* en */ = {isa = PBXFileReference; lastKnownFileType = text.plist.strings; name = en; path = en.lproj/InfoPlist.strings; sourceTree = "<group>"; };
		B28F50A319C7CA3C0067A07F /* main.m */ = {isa = PBXFileReference; lastKnownFileType = sourcecode.c.objc; path = main.m; sourceTree = "<group>"; };
		B28F50A519C7CA3C0067A07F /* test.reallife-Prefix.pch */ = {isa = PBXFileReference; lastKnownFileType = sourcecode.c.h; path = "test.reallife-Prefix.pch"; sourceTree = "<group>"; };
		B28F50A619C7CA3C0067A07F /* TRLAppDelegate.h */ = {isa = PBXFileReference; lastKnownFileType = sourcecode.c.h; path = TRLAppDelegate.h; sourceTree = "<group>"; };
		B28F50A719C7CA3C0067A07F /* TRLAppDelegate.m */ = {isa = PBXFileReference; lastKnownFileType = sourcecode.c.objc; path = TRLAppDelegate.m; sourceTree = "<group>"; };
		B28F50AA19C7CA3C0067A07F /* Base */ = {isa = PBXFileReference; lastKnownFileType = file.storyboard; name = Base; path = Base.lproj/Main.storyboard; sourceTree = "<group>"; };
		B28F50AC19C7CA3C0067A07F /* TRLViewController.h */ = {isa = PBXFileReference; lastKnownFileType = sourcecode.c.h; path = TRLViewController.h; sourceTree = "<group>"; };
		B28F50AD19C7CA3C0067A07F /* TRLViewController.m */ = {isa = PBXFileReference; lastKnownFileType = sourcecode.c.objc; path = TRLViewController.m; sourceTree = "<group>"; };
		B28F50AF19C7CA3C0067A07F /* Images.xcassets */ = {isa = PBXFileReference; lastKnownFileType = folder.assetcatalog; path = Images.xcassets; sourceTree = "<group>"; };
		B28F50B519C7CA3C0067A07F /* test.reallifeTests.xctest */ = {isa = PBXFileReference; explicitFileType = wrapper.cfbundle; includeInIndex = 0; path = test.reallifeTests.xctest; sourceTree = BUILT_PRODUCTS_DIR; };
		B28F50B619C7CA3C0067A07F /* XCTest.framework */ = {isa = PBXFileReference; lastKnownFileType = wrapper.framework; name = XCTest.framework; path = Library/Frameworks/XCTest.framework; sourceTree = DEVELOPER_DIR; };
		B28F50BE19C7CA3C0067A07F /* test.reallifeTests-Info.plist */ = {isa = PBXFileReference; lastKnownFileType = text.plist.xml; path = "test.reallifeTests-Info.plist"; sourceTree = "<group>"; };
		B28F50C019C7CA3C0067A07F /* en */ = {isa = PBXFileReference; lastKnownFileType = text.plist.strings; name = en; path = en.lproj/InfoPlist.strings; sourceTree = "<group>"; };
		B28F50C219C7CA3C0067A07F /* test_reallifeTests.m */ = {isa = PBXFileReference; lastKnownFileType = sourcecode.c.objc; path = test_reallifeTests.m; sourceTree = "<group>"; };
/* End PBXFileReference section */

/* Begin PBXFrameworksBuildPhase section */
		B28F509119C7CA3C0067A07F /* Frameworks */ = {
			isa = PBXFrameworksBuildPhase;
			buildActionMask = 2147483647;
			files = (
				B28F509A19C7CA3C0067A07F /* CoreGraphics.framework in Frameworks */,
				B28F509C19C7CA3C0067A07F /* UIKit.framework in Frameworks */,
				B28F509819C7CA3C0067A07F /* Foundation.framework in Frameworks */,
			);
			runOnlyForDeploymentPostprocessing = 0;
		};
		B28F50B219C7CA3C0067A07F /* Frameworks */ = {
			isa = PBXFrameworksBuildPhase;
			buildActionMask = 2147483647;
			files = (
				B28F50B719C7CA3C0067A07F /* XCTest.framework in Frameworks */,
				B28F50B919C7CA3C0067A07F /* UIKit.framework in Frameworks */,
				B28F50B819C7CA3C0067A07F /* Foundation.framework in Frameworks */,
			);
			runOnlyForDeploymentPostprocessing = 0;
		};
/* End PBXFrameworksBuildPhase section */

/* Begin PBXGroup section */
		B28F508B19C7CA3C0067A07F = {
			isa = PBXGroup;
			children = (
				B28F509D19C7CA3C0067A07F /* test.reallife */,
				B28F50BC19C7CA3C0067A07F /* test.reallifeTests */,
				B28F509619C7CA3C0067A07F /* Frameworks */,
				B28F509519C7CA3C0067A07F /* Products */,
			);
			sourceTree = "<group>";
		};
		B28F509519C7CA3C0067A07F /* Products */ = {
			isa = PBXGroup;
			children = (
				B28F509419C7CA3C0067A07F /* test.reallife.app */,
				B28F50B519C7CA3C0067A07F /* test.reallifeTests.xctest */,
			);
			name = Products;
			sourceTree = "<group>";
		};
		B28F509619C7CA3C0067A07F /* Frameworks */ = {
			isa = PBXGroup;
			children = (
				B28F509719C7CA3C0067A07F /* Foundation.framework */,
				B28F509919C7CA3C0067A07F /* CoreGraphics.framework */,
				B28F509B19C7CA3C0067A07F /* UIKit.framework */,
				B28F50B619C7CA3C0067A07F /* XCTest.framework */,
			);
			name = Frameworks;
			sourceTree = "<group>";
		};
		B28F509D19C7CA3C0067A07F /* test.reallife */ = {
			isa = PBXGroup;
			children = (
				B28F50A619C7CA3C0067A07F /* TRLAppDelegate.h */,
				B28F50A719C7CA3C0067A07F /* TRLAppDelegate.m */,
				B28F50A919C7CA3C0067A07F /* Main.storyboard */,
				B28F50AC19C7CA3C0067A07F /* TRLViewController.h */,
				B28F50AD19C7CA3C0067A07F /* TRLViewController.m */,
				B28F50AF19C7CA3C0067A07F /* Images.xcassets */,
				B28F509E19C7CA3C0067A07F /* Supporting Files */,
			);
			path = test.reallife;
			sourceTree = "<group>";
		};
		B28F509E19C7CA3C0067A07F /* Supporting Files */ = {
			isa = PBXGroup;
			children = (
				B28F509F19C7CA3C0067A07F /* test.reallife-Info.plist */,
				B28F50A019C7CA3C0067A07F /* InfoPlist.strings */,
				B28F50A319C7CA3C0067A07F /* main.m */,
				B28F50A519C7CA3C0067A07F /* test.reallife-Prefix.pch */,
			);
			name = "Supporting Files";
			sourceTree = "<group>";
		};
		B28F50BC19C7CA3C0067A07F /* test.reallifeTests */ = {
			isa = PBXGroup;
			children = (
				B28F50C219C7CA3C0067A07F /* test_reallifeTests.m */,
				B28F50BD19C7CA3C0067A07F /* Supporting Files */,
			);
			path = test.reallifeTests;
			sourceTree = "<group>";
		};
		B28F50BD19C7CA3C0067A07F /* Supporting Files */ = {
			isa = PBXGroup;
			children = (
				B28F50BE19C7CA3C0067A07F /* test.reallifeTests-Info.plist */,
				B28F50BF19C7CA3C0067A07F /* InfoPlist.strings */,
			);
			name = "Supporting Files";
			sourceTree = "<group>";
		};
/* End PBXGroup section */

/* Begin PBXNativeTarget section */
		B28F509319C7CA3C0067A07F /* test.reallife */ = {
			isa = PBXNativeTarget;
			buildConfigurationList = B28F50C619C7CA3C0067A07F /* Build configuration list for PBXNativeTarget "test.reallife" */;
			buildPhases = (
				B28F509019C7CA3C0067A07F /* Sources */,
				B28F509119C7CA3C0067A07F /* Frameworks */,
				B28F509219C7CA3C0067A07F /* Resources */,
			);
			buildRules = (
			);
			dependencies = (
			);
			name = test.reallife;
			productName = test.reallife;
			productReference = B28F509419C7CA3C0067A07F /* test.reallife.app */;
			productType = "com.apple.product-type.application";
		};
		B28F50B419C7CA3C0067A07F /* test.reallifeTests */ = {
			isa = PBXNativeTarget;
			buildConfigurationList = B28F50C919C7CA3C0067A07F /* Build configuration list for PBXNativeTarget "test.reallifeTests" */;
			buildPhases = (
				B28F50B119C7CA3C0067A07F /* Sources */,
				B28F50B219C7CA3C0067A07F /* Frameworks */,
				B28F50B319C7CA3C0067A07F /* Resources */,
			);
			buildRules = (
			);
			dependencies = (
				B28F50BB19C7CA3C0067A07F /* PBXTargetDependency */,
			);
			name = test.reallifeTests;
			productName = test.reallifeTests;
			productReference = B28F50B519C7CA3C0067A07F /* test.reallifeTests.xctest */;
			productType = "com.apple.product-type.bundle.unit-test";
		};
/* End PBXNativeTarget section */

/* Begin PBXProject section */
		B28F508C19C7CA3C0067A07F /* Project object */ = {
			isa = PBXProject;
			attributes = {
				CLASSPREFIX = TRL;
				LastUpgradeCheck = 0510;
				ORGANIZATIONNAME = TriApps;
				TargetAttributes = {
					B28F50B419C7CA3C0067A07F = {
						TestTargetID = B28F509319C7CA3C0067A07F;
					};
				};
			};
			buildConfigurationList = B28F508F19C7CA3C0067A07F /* Build configuration list for PBXProject "test.reallife" */;
			compatibilityVersion = "Xcode 3.2";
			developmentRegion = English;
			hasScannedForEncodings = 0;
			knownRegions = (
				en,
				Base,
			);
			mainGroup = B28F508B19C7CA3C0067A07F;
			productRefGroup = B28F509519C7CA3C0067A07F /* Products */;
			projectDirPath = "";
			projectRoot = "";
			targets = (
				B28F509319C7CA3C0067A07F /* test.reallife */,
				B28F50B419C7CA3C0067A07F /* test.reallifeTests */,
			);
		};
/* End PBXProject section */

/* Begin PBXResourcesBuildPhase section */
		B28F509219C7CA3C0067A07F /* Resources */ = {
			isa = PBXResourcesBuildPhase;
			buildActionMask = 2147483647;
			files = (
				B28F50B019C7CA3C0067A07F /* Images.xcassets in Resources */,
				B28F50A219C7CA3C0067A07F /* InfoPlist.strings in Resources */,
				B28F50AB19C7CA3C0067A07F /* Main.storyboard in Resources */,
			);
			runOnlyForDeploymentPostprocessing = 0;
		};
		B28F50B319C7CA3C0067A07F /* Resources */ = {
			isa = PBXResourcesBuildPhase;
			buildActionMask = 2147483647;
			files = (
				B28F50C119C7CA3C0067A07F /* InfoPlist.strings in Resources */,
			);
			runOnlyForDeploymentPostprocessing = 0;
		};
/* End PBXResourcesBuildPhase section */

/* Begin PBXSourcesBuildPhase section */
		B28F509019C7CA3C0067A07F /* Sources */ = {
			isa = PBXSourcesBuildPhase;
			buildActionMask = 2147483647;
			files = (
				B28F50A419C7CA3C0067A07F /* main.m in Sources */,
				B28F50A819C7CA3C0067A07F /* TRLAppDelegate.m in Sources */,
				B28F50AE19C7CA3C0067A07F /* TRLViewController.m in Sources */,
			);
			runOnlyForDeploymentPostprocessing = 0;
		};
		B28F50B119C7CA3C0067A07F /* Sources */ = {
			isa = PBXSourcesBuildPhase;
			buildActionMask = 2147483647;
			files = (
				B28F50C319C7CA3C0067A07F /* test_reallifeTests.m in Sources */,
			);
			runOnlyForDeploymentPostprocessing = 0;
		};
/* End PBXSourcesBuildPhase section */

/* Begin PBXTargetDependency section */
		B28F50BB19C7CA3C0067A07F /* PBXTargetDependency */ = {
			isa = PBXTargetDependency;
			target = B28F509319C7CA3C0067A07F /* test.reallife */;
			targetProxy = B28F50BA19C7CA3C0067A07F /* PBXContainerItemProxy */;
		};
/* End PBXTargetDependency section */

/* Begin PBXVariantGroup section */
		B28F50A019C7CA3C0067A07F /* InfoPlist.strings */ = {
			isa = PBXVariantGroup;
			children = (
				B28F50A119C7CA3C0067A07F /* en */,
			);
			name = InfoPlist.strings;
			sourceTree = "<group>";
		};
		B28F50A919C7CA3C0067A07F /* Main.storyboard */ = {
			isa = PBXVariantGroup;
			children = (
				B28F50AA19C7CA3C0067A07F /* Base */,
			);
			name = Main.storyboard;
			sourceTree = "<group>";
		};
		B28F50BF19C7CA3C0067A07F /* InfoPlist.strings */ = {
			isa = PBXVariantGroup;
			children = (
				B28F50C019C7CA3C0067A07F /* en */,
			);
			name = InfoPlist.strings;
			sourceTree = "<group>";
		};
/* End PBXVariantGroup section */

/* Begin XCBuildConfiguration section */
		B28F50C419C7CA3C0067A07F /* Debug */ = {
			isa = XCBuildConfiguration;
			buildSettings = {
				ALWAYS_SEARCH_USER_PATHS = NO;
				CLANG_CXX_LANGUAGE_STANDARD = "gnu++0x";
				CLANG_CXX_LIBRARY = "libc++";
				CLANG_ENABLE_MODULES = YES;
				CLANG_ENABLE_OBJC_ARC = YES;
				CLANG_WARN_BOOL_CONVERSION = YES;
				CLANG_WARN_CONSTANT_CONVERSION = YES;
				CLANG_WARN_DIRECT_OBJC_ISA_USAGE = YES_ERROR;
				CLANG_WARN_EMPTY_BODY = YES;
				CLANG_WARN_ENUM_CONVERSION = YES;
				CLANG_WARN_INT_CONVERSION = YES;
				CLANG_WARN_OBJC_ROOT_CLASS = YES_ERROR;
				CLANG_WARN__DUPLICATE_METHOD_MATCH = YES;
				"CODE_SIGN_IDENTITY[sdk=iphoneos*]" = "iPhone Developer";
				COPY_PHASE_STRIP = NO;
				GCC_C_LANGUAGE_STANDARD = gnu99;
				GCC_DYNAMIC_NO_PIC = NO;
				GCC_OPTIMIZATION_LEVEL = 0;
				GCC_PREPROCESSOR_DEFINITIONS = (
					"DEBUG=1",
					"$(inherited)",
				);
				GCC_SYMBOLS_PRIVATE_EXTERN = NO;
				GCC_WARN_64_TO_32_BIT_CONVERSION = YES;
				GCC_WARN_ABOUT_RETURN_TYPE = YES_ERROR;
				GCC_WARN_UNDECLARED_SELECTOR = YES;
				GCC_WARN_UNINITIALIZED_AUTOS = YES_AGGRESSIVE;
				GCC_WARN_UNUSED_FUNCTION = YES;
				GCC_WARN_UNUSED_VARIABLE = YES;
				IPHONEOS_DEPLOYMENT_TARGET = 7.1;
				ONLY_ACTIVE_ARCH = YES;
				SDKROOT = iphoneos;
			};
			name = Debug;
		};
		B28F50C519C7CA3C0067A07F /* Release */ = {
			isa = XCBuildConfiguration;
			buildSettings = {
				ALWAYS_SEARCH_USER_PATHS = NO;
				CLANG_CXX_LANGUAGE_STANDARD = "gnu++0x";
				CLANG_CXX_LIBRARY = "libc++";
				CLANG_ENABLE_MODULES = YES;
				CLANG_ENABLE_OBJC_ARC = YES;
				CLANG_WARN_BOOL_CONVERSION = YES;
				CLANG_WARN_CONSTANT_CONVERSION = YES;
				CLANG_WARN_DIRECT_OBJC_ISA_USAGE = YES_ERROR;
				CLANG_WARN_EMPTY_BODY = YES;
				CLANG_WARN_ENUM_CONVERSION = YES;
				CLANG_WARN_INT_CONVERSION = YES;
				CLANG_WARN_OBJC_ROOT_CLASS = YES_ERROR;
				CLANG_WARN__DUPLICATE_METHOD_MATCH = YES;
				"CODE_SIGN_IDENTITY[sdk=iphoneos*]" = "iPhone Developer";
				COPY_PHASE_STRIP = YES;
				ENABLE_NS_ASSERTIONS = NO;
				GCC_C_LANGUAGE_STANDARD = gnu99;
				GCC_WARN_64_TO_32_BIT_CONVERSION = YES;
				GCC_WARN_ABOUT_RETURN_TYPE = YES_ERROR;
				GCC_WARN_UNDECLARED_SELECTOR = YES;
				GCC_WARN_UNINITIALIZED_AUTOS = YES_AGGRESSIVE;
				GCC_WARN_UNUSED_FUNCTION = YES;
				GCC_WARN_UNUSED_VARIABLE = YES;
				IPHONEOS_DEPLOYMENT_TARGET = 7.1;
				SDKROOT = iphoneos;
				VALIDATE_PRODUCT = YES;
			};
			name = Release;
		};
		B28F50C719C7CA3C0067A07F /* Debug */ = {
			isa = XCBuildConfiguration;
			buildSettings = {
				ASSETCATALOG_COMPILER_APPICON_NAME = AppIcon;
				ASSETCATALOG_COMPILER_LAUNCHIMAGE_NAME = LaunchImage;
				GCC_PRECOMPILE_PREFIX_HEADER = YES;
				GCC_PREFIX_HEADER = "test.reallife/test.reallife-Prefix.pch";
				INFOPLIST_FILE = "test.reallife/test.reallife-Info.plist";
				PRODUCT_NAME = "$(TARGET_NAME)";
				WRAPPER_EXTENSION = app;
			};
			name = Debug;
		};
		B28F50C819C7CA3C0067A07F /* Release */ = {
			isa = XCBuildConfiguration;
			buildSettings = {
				ASSETCATALOG_COMPILER_APPICON_NAME = AppIcon;
				ASSETCATALOG_COMPILER_LAUNCHIMAGE_NAME = LaunchImage;
				GCC_PRECOMPILE_PREFIX_HEADER = YES;
				GCC_PREFIX_HEADER = "test.reallife/test.reallife-Prefix.pch";
				INFOPLIST_FILE = "test.reallife/test.reallife-Info.plist";
				PRODUCT_NAME = "$(TARGET_NAME)";
				WRAPPER_EXTENSION = app;
			};
			name = Release;
		};
		B28F50CA19C7CA3C0067A07F /* Debug */ = {
			isa = XCBuildConfiguration;
			buildSettings = {
				BUNDLE_LOADER = "$(BUILT_PRODUCTS_DIR)/test.reallife.app/test.reallife";
				FRAMEWORK_SEARCH_PATHS = (
					"$(SDKROOT)/Developer/Library/Frameworks",
					"$(inherited)",
					"$(DEVELOPER_FRAMEWORKS_DIR)",
				);
				GCC_PRECOMPILE_PREFIX_HEADER = YES;
				GCC_PREFIX_HEADER = "test.reallife/test.reallife-Prefix.pch";
				GCC_PREPROCESSOR_DEFINITIONS = (
					"DEBUG=1",
					"$(inherited)",
				);
				INFOPLIST_FILE = "test.reallifeTests/test.reallifeTests-Info.plist";
				PRODUCT_NAME = "$(TARGET_NAME)";
				TEST_HOST = "$(BUNDLE_LOADER)";
				WRAPPER_EXTENSION = xctest;
			};
			name = Debug;
		};
		B28F50CB19C7CA3C0067A07F /* Release */ = {
			isa = XCBuildConfiguration;
			buildSettings = {
				BUNDLE_LOADER = "$(BUILT_PRODUCTS_DIR)/test.reallife.app/test.reallife";
				FRAMEWORK_SEARCH_PATHS = (
					"$(SDKROOT)/Developer/Library/Frameworks",
					"$(inherited)",
					"$(DEVELOPER_FRAMEWORKS_DIR)",
				);
				GCC_PRECOMPILE_PREFIX_HEADER = YES;
				GCC_PREFIX_HEADER = "test.reallife/test.reallife-Prefix.pch";
				INFOPLIST_FILE = "test.reallifeTests/test.reallifeTests-Info.plist";
				PRODUCT_NAME = "$(TARGET_NAME)";
				TEST_HOST = "$(BUNDLE_LOADER)";
				WRAPPER_EXTENSION = xctest;
			};
			name = Release;
		};
/* End XCBuildConfiguration section */

/* Begin XCConfigurationList section */
		B28F508F19C7CA3C0067A07F /* Build configuration list for PBXProject "test.reallife" */ = {
			isa = XCConfigurationList;
			buildConfigurations = (
				B28F50C419C7CA3C0067A07F /* Debug */,
				B28F50C519C7CA3C0067A07F /* Release */,
			);
			defaultConfigurationIsVisible = 0;
			defaultConfigurationName = Release;
		};
		B28F50C619C7CA3C0067A07F /* Build configuration list for PBXNativeTarget "test.reallife" */ = {
			isa = XCConfigurationList;
			buildConfigurations = (
				B28F50C719C7CA3C0067A07F /* Debug */,
				B28F50C819C7CA3C0067A07F /* Release */,
			);
			defaultConfigurationIsVisible = 0;
		};
		B28F50C919C7CA3C0067A07F /* Build configuration list for PBXNativeTarget "test.reallifeTests" */ = {
			isa = XCConfigurationList;
			buildConfigurations = (
				B28F50CA19C7CA3C0067A07F /* Debug */,
				B28F50CB19C7CA3C0067A07F /* Release */,
			);
			defaultConfigurationIsVisible = 0;
		};
/* End XCConfigurationList section */
	};
	rootObject = B28F508C19C7CA3C0067A07F /* Project object */;
}
